// !$*UTF8*$!
{
	archiveVersion = 1;
	classes = {
	};
	objectVersion = 50;
	objects = {

/* Begin PBXBuildFile section */
		48A0F6DC2174754C00C52598 /* AppDelegate.swift in Sources */ = {isa = PBXBuildFile; fileRef = 48A0F6DB2174754C00C52598 /* AppDelegate.swift */; };
		48A0F6DE2174754C00C52598 /* ViewController.swift in Sources */ = {isa = PBXBuildFile; fileRef = 48A0F6DD2174754C00C52598 /* ViewController.swift */; };
		48A0F6E12174754C00C52598 /* Main.storyboard in Resources */ = {isa = PBXBuildFile; fileRef = 48A0F6DF2174754C00C52598 /* Main.storyboard */; };
		48A0F6E32174754D00C52598 /* Assets.xcassets in Resources */ = {isa = PBXBuildFile; fileRef = 48A0F6E22174754D00C52598 /* Assets.xcassets */; };
		48A0F6E62174754D00C52598 /* LaunchScreen.storyboard in Resources */ = {isa = PBXBuildFile; fileRef = 48A0F6E42174754D00C52598 /* LaunchScreen.storyboard */; };
		48A0F6F12174754D00C52598 /* DemoTests.swift in Sources */ = {isa = PBXBuildFile; fileRef = 48A0F6F02174754D00C52598 /* DemoTests.swift */; };
		48A0F6FC2174754D00C52598 /* DemoUITests.swift in Sources */ = {isa = PBXBuildFile; fileRef = 48A0F6FB2174754D00C52598 /* DemoUITests.swift */; };
		48F72FFB2174798300FC90B5 /* 2.jpg in Resources */ = {isa = PBXBuildFile; fileRef = 48F72FF82174798300FC90B5 /* 2.jpg */; };
		48F72FFC2174798300FC90B5 /* 3.jpg in Resources */ = {isa = PBXBuildFile; fileRef = 48F72FF92174798300FC90B5 /* 3.jpg */; };
		48F72FFD2174798300FC90B5 /* 1.jpg in Resources */ = {isa = PBXBuildFile; fileRef = 48F72FFA2174798300FC90B5 /* 1.jpg */; };
		B825A8C9FFB5A7D4F5D395E7 /* Pods_Demo.framework in Frameworks */ = {isa = PBXBuildFile; fileRef = 8195FBFDFA4D16BDAE4CEF10 /* Pods_Demo.framework */; };
		C5A03D786708B1330725CDA5 /* Pods_DemoTests.framework in Frameworks */ = {isa = PBXBuildFile; fileRef = 79864C07DBF8971240233B9B /* Pods_DemoTests.framework */; };
		F29765B0C82D4B98FB3F01FC /* Pods_DemoUITests.framework in Frameworks */ = {isa = PBXBuildFile; fileRef = 9CA8A922E520876996A75339 /* Pods_DemoUITests.framework */; };
/* End PBXBuildFile section */

/* Begin PBXContainerItemProxy section */
		48A0F6ED2174754D00C52598 /* PBXContainerItemProxy */ = {
			isa = PBXContainerItemProxy;
			containerPortal = 48A0F6D02174754C00C52598 /* Project object */;
			proxyType = 1;
			remoteGlobalIDString = 48A0F6D72174754C00C52598;
			remoteInfo = Demo;
		};
		48A0F6F82174754D00C52598 /* PBXContainerItemProxy */ = {
			isa = PBXContainerItemProxy;
			containerPortal = 48A0F6D02174754C00C52598 /* Project object */;
			proxyType = 1;
			remoteGlobalIDString = 48A0F6D72174754C00C52598;
			remoteInfo = Demo;
		};
/* End PBXContainerItemProxy section */

/* Begin PBXFileReference section */
		34834853313B29739213B739 /* Pods-DemoTests.release.xcconfig */ = {isa = PBXFileReference; includeInIndex = 1; lastKnownFileType = text.xcconfig; name = "Pods-DemoTests.release.xcconfig"; path = "Pods/Target Support Files/Pods-DemoTests/Pods-DemoTests.release.xcconfig"; sourceTree = "<group>"; };
		3E1CB4A7D24F1FD2631837AB /* Pods-DemoUITests.debug.xcconfig */ = {isa = PBXFileReference; includeInIndex = 1; lastKnownFileType = text.xcconfig; name = "Pods-DemoUITests.debug.xcconfig"; path = "Pods/Target Support Files/Pods-DemoUITests/Pods-DemoUITests.debug.xcconfig"; sourceTree = "<group>"; };
		48A0F6D82174754C00C52598 /* Demo.app */ = {isa = PBXFileReference; explicitFileType = wrapper.application; includeInIndex = 0; path = Demo.app; sourceTree = BUILT_PRODUCTS_DIR; };
		48A0F6DB2174754C00C52598 /* AppDelegate.swift */ = {isa = PBXFileReference; lastKnownFileType = sourcecode.swift; path = AppDelegate.swift; sourceTree = "<group>"; };
		48A0F6DD2174754C00C52598 /* ViewController.swift */ = {isa = PBXFileReference; lastKnownFileType = sourcecode.swift; path = ViewController.swift; sourceTree = "<group>"; };
		48A0F6E02174754C00C52598 /* Base */ = {isa = PBXFileReference; lastKnownFileType = file.storyboard; name = Base; path = Base.lproj/Main.storyboard; sourceTree = "<group>"; };
		48A0F6E22174754D00C52598 /* Assets.xcassets */ = {isa = PBXFileReference; lastKnownFileType = folder.assetcatalog; path = Assets.xcassets; sourceTree = "<group>"; };
		48A0F6E52174754D00C52598 /* Base */ = {isa = PBXFileReference; lastKnownFileType = file.storyboard; name = Base; path = Base.lproj/LaunchScreen.storyboard; sourceTree = "<group>"; };
		48A0F6E72174754D00C52598 /* Info.plist */ = {isa = PBXFileReference; lastKnownFileType = text.plist.xml; path = Info.plist; sourceTree = "<group>"; };
		48A0F6EC2174754D00C52598 /* DemoTests.xctest */ = {isa = PBXFileReference; explicitFileType = wrapper.cfbundle; includeInIndex = 0; path = DemoTests.xctest; sourceTree = BUILT_PRODUCTS_DIR; };
		48A0F6F02174754D00C52598 /* DemoTests.swift */ = {isa = PBXFileReference; lastKnownFileType = sourcecode.swift; path = DemoTests.swift; sourceTree = "<group>"; };
		48A0F6F22174754D00C52598 /* Info.plist */ = {isa = PBXFileReference; lastKnownFileType = text.plist.xml; path = Info.plist; sourceTree = "<group>"; };
		48A0F6F72174754D00C52598 /* DemoUITests.xctest */ = {isa = PBXFileReference; explicitFileType = wrapper.cfbundle; includeInIndex = 0; path = DemoUITests.xctest; sourceTree = BUILT_PRODUCTS_DIR; };
		48A0F6FB2174754D00C52598 /* DemoUITests.swift */ = {isa = PBXFileReference; lastKnownFileType = sourcecode.swift; path = DemoUITests.swift; sourceTree = "<group>"; };
		48A0F6FD2174754D00C52598 /* Info.plist */ = {isa = PBXFileReference; lastKnownFileType = text.plist.xml; path = Info.plist; sourceTree = "<group>"; };
		48F72FF82174798300FC90B5 /* 2.jpg */ = {isa = PBXFileReference; lastKnownFileType = image.jpeg; path = 2.jpg; sourceTree = "<group>"; };
		48F72FF92174798300FC90B5 /* 3.jpg */ = {isa = PBXFileReference; lastKnownFileType = image.jpeg; path = 3.jpg; sourceTree = "<group>"; };
		48F72FFA2174798300FC90B5 /* 1.jpg */ = {isa = PBXFileReference; lastKnownFileType = image.jpeg; path = 1.jpg; sourceTree = "<group>"; };
		56B1464D1DE61805EC0B9C08 /* Pods-Demo.debug.xcconfig */ = {isa = PBXFileReference; includeInIndex = 1; lastKnownFileType = text.xcconfig; name = "Pods-Demo.debug.xcconfig"; path = "Pods/Target Support Files/Pods-Demo/Pods-Demo.debug.xcconfig"; sourceTree = "<group>"; };
		79864C07DBF8971240233B9B /* Pods_DemoTests.framework */ = {isa = PBXFileReference; explicitFileType = wrapper.framework; includeInIndex = 0; path = Pods_DemoTests.framework; sourceTree = BUILT_PRODUCTS_DIR; };
		7D8FEEA28E7D719FD400F9FC /* Pods-Demo.release.xcconfig */ = {isa = PBXFileReference; includeInIndex = 1; lastKnownFileType = text.xcconfig; name = "Pods-Demo.release.xcconfig"; path = "Pods/Target Support Files/Pods-Demo/Pods-Demo.release.xcconfig"; sourceTree = "<group>"; };
		8195FBFDFA4D16BDAE4CEF10 /* Pods_Demo.framework */ = {isa = PBXFileReference; explicitFileType = wrapper.framework; includeInIndex = 0; path = Pods_Demo.framework; sourceTree = BUILT_PRODUCTS_DIR; };
		9CA8A922E520876996A75339 /* Pods_DemoUITests.framework */ = {isa = PBXFileReference; explicitFileType = wrapper.framework; includeInIndex = 0; path = Pods_DemoUITests.framework; sourceTree = BUILT_PRODUCTS_DIR; };
		B2E548517D4B3C7B3A39A3DA /* Pods-DemoUITests.release.xcconfig */ = {isa = PBXFileReference; includeInIndex = 1; lastKnownFileType = text.xcconfig; name = "Pods-DemoUITests.release.xcconfig"; path = "Pods/Target Support Files/Pods-DemoUITests/Pods-DemoUITests.release.xcconfig"; sourceTree = "<group>"; };
		FD4F891C76F8126481CA9526 /* Pods-DemoTests.debug.xcconfig */ = {isa = PBXFileReference; includeInIndex = 1; lastKnownFileType = text.xcconfig; name = "Pods-DemoTests.debug.xcconfig"; path = "Pods/Target Support Files/Pods-DemoTests/Pods-DemoTests.debug.xcconfig"; sourceTree = "<group>"; };
/* End PBXFileReference section */

/* Begin PBXFrameworksBuildPhase section */
		48A0F6D52174754C00C52598 /* Frameworks */ = {
			isa = PBXFrameworksBuildPhase;
			buildActionMask = 2147483647;
			files = (
				B825A8C9FFB5A7D4F5D395E7 /* Pods_Demo.framework in Frameworks */,
			);
			runOnlyForDeploymentPostprocessing = 0;
		};
		48A0F6E92174754D00C52598 /* Frameworks */ = {
			isa = PBXFrameworksBuildPhase;
			buildActionMask = 2147483647;
			files = (
				C5A03D786708B1330725CDA5 /* Pods_DemoTests.framework in Frameworks */,
			);
			runOnlyForDeploymentPostprocessing = 0;
		};
		48A0F6F42174754D00C52598 /* Frameworks */ = {
			isa = PBXFrameworksBuildPhase;
			buildActionMask = 2147483647;
			files = (
				F29765B0C82D4B98FB3F01FC /* Pods_DemoUITests.framework in Frameworks */,
			);
			runOnlyForDeploymentPostprocessing = 0;
		};
/* End PBXFrameworksBuildPhase section */

/* Begin PBXGroup section */
		48A0F6CF2174754C00C52598 = {
			isa = PBXGroup;
			children = (
				48A0F6DA2174754C00C52598 /* Demo */,
				48A0F6EF2174754D00C52598 /* DemoTests */,
				48A0F6FA2174754D00C52598 /* DemoUITests */,
				48A0F6D92174754C00C52598 /* Products */,
				EC1812D636CD9A756972EC7B /* Pods */,
				9E5E9815CC83BEBD53C5F92C /* Frameworks */,
			);
			sourceTree = "<group>";
		};
		48A0F6D92174754C00C52598 /* Products */ = {
			isa = PBXGroup;
			children = (
				48A0F6D82174754C00C52598 /* Demo.app */,
				48A0F6EC2174754D00C52598 /* DemoTests.xctest */,
				48A0F6F72174754D00C52598 /* DemoUITests.xctest */,
			);
			name = Products;
			sourceTree = "<group>";
		};
		48A0F6DA2174754C00C52598 /* Demo */ = {
			isa = PBXGroup;
			children = (
				48F72FF72174798300FC90B5 /* images */,
				48A0F6DB2174754C00C52598 /* AppDelegate.swift */,
				48A0F6DD2174754C00C52598 /* ViewController.swift */,
				48A0F6DF2174754C00C52598 /* Main.storyboard */,
				48A0F6E22174754D00C52598 /* Assets.xcassets */,
				48A0F6E42174754D00C52598 /* LaunchScreen.storyboard */,
				48A0F6E72174754D00C52598 /* Info.plist */,
			);
			path = Demo;
			sourceTree = "<group>";
		};
		48A0F6EF2174754D00C52598 /* DemoTests */ = {
			isa = PBXGroup;
			children = (
				48A0F6F02174754D00C52598 /* DemoTests.swift */,
				48A0F6F22174754D00C52598 /* Info.plist */,
			);
			path = DemoTests;
			sourceTree = "<group>";
		};
		48A0F6FA2174754D00C52598 /* DemoUITests */ = {
			isa = PBXGroup;
			children = (
				48A0F6FB2174754D00C52598 /* DemoUITests.swift */,
				48A0F6FD2174754D00C52598 /* Info.plist */,
			);
			path = DemoUITests;
			sourceTree = "<group>";
		};
		48F72FF72174798300FC90B5 /* images */ = {
			isa = PBXGroup;
			children = (
				48F72FF82174798300FC90B5 /* 2.jpg */,
				48F72FF92174798300FC90B5 /* 3.jpg */,
				48F72FFA2174798300FC90B5 /* 1.jpg */,
			);
			path = images;
			sourceTree = "<group>";
		};
		9E5E9815CC83BEBD53C5F92C /* Frameworks */ = {
			isa = PBXGroup;
			children = (
				8195FBFDFA4D16BDAE4CEF10 /* Pods_Demo.framework */,
				79864C07DBF8971240233B9B /* Pods_DemoTests.framework */,
				9CA8A922E520876996A75339 /* Pods_DemoUITests.framework */,
			);
			name = Frameworks;
			sourceTree = "<group>";
		};
		EC1812D636CD9A756972EC7B /* Pods */ = {
			isa = PBXGroup;
			children = (
				56B1464D1DE61805EC0B9C08 /* Pods-Demo.debug.xcconfig */,
				7D8FEEA28E7D719FD400F9FC /* Pods-Demo.release.xcconfig */,
				FD4F891C76F8126481CA9526 /* Pods-DemoTests.debug.xcconfig */,
				34834853313B29739213B739 /* Pods-DemoTests.release.xcconfig */,
				3E1CB4A7D24F1FD2631837AB /* Pods-DemoUITests.debug.xcconfig */,
				B2E548517D4B3C7B3A39A3DA /* Pods-DemoUITests.release.xcconfig */,
			);
			name = Pods;
			sourceTree = "<group>";
		};
/* End PBXGroup section */

/* Begin PBXNativeTarget section */
		48A0F6D72174754C00C52598 /* Demo */ = {
			isa = PBXNativeTarget;
			buildConfigurationList = 48A0F7002174754D00C52598 /* Build configuration list for PBXNativeTarget "Demo" */;
			buildPhases = (
				5665607A37A904C4A368E75C /* [CP] Check Pods Manifest.lock */,
				48A0F6D42174754C00C52598 /* Sources */,
				48A0F6D52174754C00C52598 /* Frameworks */,
				48A0F6D62174754C00C52598 /* Resources */,
				B9DED3563DD41617E54CC453 /* [CP] Embed Pods Frameworks */,
			);
			buildRules = (
			);
			dependencies = (
			);
			name = Demo;
			productName = Demo;
			productReference = 48A0F6D82174754C00C52598 /* Demo.app */;
			productType = "com.apple.product-type.application";
		};
		48A0F6EB2174754D00C52598 /* DemoTests */ = {
			isa = PBXNativeTarget;
			buildConfigurationList = 48A0F7032174754D00C52598 /* Build configuration list for PBXNativeTarget "DemoTests" */;
			buildPhases = (
				800A87E86C58A1348B3C4DC8 /* [CP] Check Pods Manifest.lock */,
				48A0F6E82174754D00C52598 /* Sources */,
				48A0F6E92174754D00C52598 /* Frameworks */,
				48A0F6EA2174754D00C52598 /* Resources */,
			);
			buildRules = (
			);
			dependencies = (
				48A0F6EE2174754D00C52598 /* PBXTargetDependency */,
			);
			name = DemoTests;
			productName = DemoTests;
			productReference = 48A0F6EC2174754D00C52598 /* DemoTests.xctest */;
			productType = "com.apple.product-type.bundle.unit-test";
		};
		48A0F6F62174754D00C52598 /* DemoUITests */ = {
			isa = PBXNativeTarget;
			buildConfigurationList = 48A0F7062174754D00C52598 /* Build configuration list for PBXNativeTarget "DemoUITests" */;
			buildPhases = (
				8757AC3227B0E7B0C790D9A4 /* [CP] Check Pods Manifest.lock */,
				48A0F6F32174754D00C52598 /* Sources */,
				48A0F6F42174754D00C52598 /* Frameworks */,
				48A0F6F52174754D00C52598 /* Resources */,
			);
			buildRules = (
			);
			dependencies = (
				48A0F6F92174754D00C52598 /* PBXTargetDependency */,
			);
			name = DemoUITests;
			productName = DemoUITests;
			productReference = 48A0F6F72174754D00C52598 /* DemoUITests.xctest */;
			productType = "com.apple.product-type.bundle.ui-testing";
		};
/* End PBXNativeTarget section */

/* Begin PBXProject section */
		48A0F6D02174754C00C52598 /* Project object */ = {
			isa = PBXProject;
			attributes = {
				LastSwiftUpdateCheck = 1000;
				LastUpgradeCheck = 1000;
				ORGANIZATIONNAME = "Shoaib Akhtar";
				TargetAttributes = {
					48A0F6D72174754C00C52598 = {
						CreatedOnToolsVersion = 10.0;
					};
					48A0F6EB2174754D00C52598 = {
						CreatedOnToolsVersion = 10.0;
						TestTargetID = 48A0F6D72174754C00C52598;
					};
					48A0F6F62174754D00C52598 = {
						CreatedOnToolsVersion = 10.0;
						TestTargetID = 48A0F6D72174754C00C52598;
					};
				};
			};
			buildConfigurationList = 48A0F6D32174754C00C52598 /* Build configuration list for PBXProject "Demo" */;
			compatibilityVersion = "Xcode 9.3";
			developmentRegion = en;
			hasScannedForEncodings = 0;
			knownRegions = (
				en,
				Base,
			);
			mainGroup = 48A0F6CF2174754C00C52598;
			productRefGroup = 48A0F6D92174754C00C52598 /* Products */;
			projectDirPath = "";
			projectRoot = "";
			targets = (
				48A0F6D72174754C00C52598 /* Demo */,
				48A0F6EB2174754D00C52598 /* DemoTests */,
				48A0F6F62174754D00C52598 /* DemoUITests */,
			);
		};
/* End PBXProject section */

/* Begin PBXResourcesBuildPhase section */
		48A0F6D62174754C00C52598 /* Resources */ = {
			isa = PBXResourcesBuildPhase;
			buildActionMask = 2147483647;
			files = (
				48F72FFC2174798300FC90B5 /* 3.jpg in Resources */,
				48A0F6E62174754D00C52598 /* LaunchScreen.storyboard in Resources */,
				48A0F6E32174754D00C52598 /* Assets.xcassets in Resources */,
				48F72FFD2174798300FC90B5 /* 1.jpg in Resources */,
				48F72FFB2174798300FC90B5 /* 2.jpg in Resources */,
				48A0F6E12174754C00C52598 /* Main.storyboard in Resources */,
			);
			runOnlyForDeploymentPostprocessing = 0;
		};
		48A0F6EA2174754D00C52598 /* Resources */ = {
			isa = PBXResourcesBuildPhase;
			buildActionMask = 2147483647;
			files = (
			);
			runOnlyForDeploymentPostprocessing = 0;
		};
		48A0F6F52174754D00C52598 /* Resources */ = {
			isa = PBXResourcesBuildPhase;
			buildActionMask = 2147483647;
			files = (
			);
			runOnlyForDeploymentPostprocessing = 0;
		};
/* End PBXResourcesBuildPhase section */

/* Begin PBXShellScriptBuildPhase section */
		5665607A37A904C4A368E75C /* [CP] Check Pods Manifest.lock */ = {
			isa = PBXShellScriptBuildPhase;
			buildActionMask = 2147483647;
			files = (
			);
			inputPaths = (
				"${PODS_PODFILE_DIR_PATH}/Podfile.lock",
				"${PODS_ROOT}/Manifest.lock",
			);
			name = "[CP] Check Pods Manifest.lock";
			outputPaths = (
				"$(DERIVED_FILE_DIR)/Pods-Demo-checkManifestLockResult.txt",
			);
			runOnlyForDeploymentPostprocessing = 0;
			shellPath = /bin/sh;
			shellScript = "diff \"${PODS_PODFILE_DIR_PATH}/Podfile.lock\" \"${PODS_ROOT}/Manifest.lock\" > /dev/null\nif [ $? != 0 ] ; then\n    # print error to STDERR\n    echo \"error: The sandbox is not in sync with the Podfile.lock. Run 'pod install' or update your CocoaPods installation.\" >&2\n    exit 1\nfi\n# This output is used by Xcode 'outputs' to avoid re-running this script phase.\necho \"SUCCESS\" > \"${SCRIPT_OUTPUT_FILE_0}\"\n";
			showEnvVarsInLog = 0;
		};
		800A87E86C58A1348B3C4DC8 /* [CP] Check Pods Manifest.lock */ = {
			isa = PBXShellScriptBuildPhase;
			buildActionMask = 2147483647;
			files = (
			);
			inputPaths = (
				"${PODS_PODFILE_DIR_PATH}/Podfile.lock",
				"${PODS_ROOT}/Manifest.lock",
			);
			name = "[CP] Check Pods Manifest.lock";
			outputPaths = (
				"$(DERIVED_FILE_DIR)/Pods-DemoTests-checkManifestLockResult.txt",
			);
			runOnlyForDeploymentPostprocessing = 0;
			shellPath = /bin/sh;
			shellScript = "diff \"${PODS_PODFILE_DIR_PATH}/Podfile.lock\" \"${PODS_ROOT}/Manifest.lock\" > /dev/null\nif [ $? != 0 ] ; then\n    # print error to STDERR\n    echo \"error: The sandbox is not in sync with the Podfile.lock. Run 'pod install' or update your CocoaPods installation.\" >&2\n    exit 1\nfi\n# This output is used by Xcode 'outputs' to avoid re-running this script phase.\necho \"SUCCESS\" > \"${SCRIPT_OUTPUT_FILE_0}\"\n";
			showEnvVarsInLog = 0;
		};
		8757AC3227B0E7B0C790D9A4 /* [CP] Check Pods Manifest.lock */ = {
			isa = PBXShellScriptBuildPhase;
			buildActionMask = 2147483647;
			files = (
			);
			inputPaths = (
				"${PODS_PODFILE_DIR_PATH}/Podfile.lock",
				"${PODS_ROOT}/Manifest.lock",
			);
			name = "[CP] Check Pods Manifest.lock";
			outputPaths = (
				"$(DERIVED_FILE_DIR)/Pods-DemoUITests-checkManifestLockResult.txt",
			);
			runOnlyForDeploymentPostprocessing = 0;
			shellPath = /bin/sh;
			shellScript = "diff \"${PODS_PODFILE_DIR_PATH}/Podfile.lock\" \"${PODS_ROOT}/Manifest.lock\" > /dev/null\nif [ $? != 0 ] ; then\n    # print error to STDERR\n    echo \"error: The sandbox is not in sync with the Podfile.lock. Run 'pod install' or update your CocoaPods installation.\" >&2\n    exit 1\nfi\n# This output is used by Xcode 'outputs' to avoid re-running this script phase.\necho \"SUCCESS\" > \"${SCRIPT_OUTPUT_FILE_0}\"\n";
			showEnvVarsInLog = 0;
		};
		B9DED3563DD41617E54CC453 /* [CP] Embed Pods Frameworks */ = {
			isa = PBXShellScriptBuildPhase;
			buildActionMask = 2147483647;
			files = (
			);
			inputPaths = (
				"${SRCROOT}/Pods/Target Support Files/Pods-Demo/Pods-Demo-frameworks.sh",
				"${BUILT_PRODUCTS_DIR}/Hero/Hero.framework",
				"${BUILT_PRODUCTS_DIR}/SBAGallery/SBAGallery.framework",
			);
			name = "[CP] Embed Pods Frameworks";
			outputPaths = (
				"${TARGET_BUILD_DIR}/${FRAMEWORKS_FOLDER_PATH}/Hero.framework",
				"${TARGET_BUILD_DIR}/${FRAMEWORKS_FOLDER_PATH}/SBAGallery.framework",
			);
			runOnlyForDeploymentPostprocessing = 0;
			shellPath = /bin/sh;
			shellScript = "\"${SRCROOT}/Pods/Target Support Files/Pods-Demo/Pods-Demo-frameworks.sh\"\n";
			showEnvVarsInLog = 0;
		};
/* End PBXShellScriptBuildPhase section */

/* Begin PBXSourcesBuildPhase section */
		48A0F6D42174754C00C52598 /* Sources */ = {
			isa = PBXSourcesBuildPhase;
			buildActionMask = 2147483647;
			files = (
				48A0F6DE2174754C00C52598 /* ViewController.swift in Sources */,
				48A0F6DC2174754C00C52598 /* AppDelegate.swift in Sources */,
			);
			runOnlyForDeploymentPostprocessing = 0;
		};
		48A0F6E82174754D00C52598 /* Sources */ = {
			isa = PBXSourcesBuildPhase;
			buildActionMask = 2147483647;
			files = (
				48A0F6F12174754D00C52598 /* DemoTests.swift in Sources */,
			);
			runOnlyForDeploymentPostprocessing = 0;
		};
		48A0F6F32174754D00C52598 /* Sources */ = {
			isa = PBXSourcesBuildPhase;
			buildActionMask = 2147483647;
			files = (
				48A0F6FC2174754D00C52598 /* DemoUITests.swift in Sources */,
			);
			runOnlyForDeploymentPostprocessing = 0;
		};
/* End PBXSourcesBuildPhase section */

/* Begin PBXTargetDependency section */
		48A0F6EE2174754D00C52598 /* PBXTargetDependency */ = {
			isa = PBXTargetDependency;
			target = 48A0F6D72174754C00C52598 /* Demo */;
			targetProxy = 48A0F6ED2174754D00C52598 /* PBXContainerItemProxy */;
		};
		48A0F6F92174754D00C52598 /* PBXTargetDependency */ = {
			isa = PBXTargetDependency;
			target = 48A0F6D72174754C00C52598 /* Demo */;
			targetProxy = 48A0F6F82174754D00C52598 /* PBXContainerItemProxy */;
		};
/* End PBXTargetDependency section */

/* Begin PBXVariantGroup section */
		48A0F6DF2174754C00C52598 /* Main.storyboard */ = {
			isa = PBXVariantGroup;
			children = (
				48A0F6E02174754C00C52598 /* Base */,
			);
			name = Main.storyboard;
			sourceTree = "<group>";
		};
		48A0F6E42174754D00C52598 /* LaunchScreen.storyboard */ = {
			isa = PBXVariantGroup;
			children = (
				48A0F6E52174754D00C52598 /* Base */,
			);
			name = LaunchScreen.storyboard;
			sourceTree = "<group>";
		};
/* End PBXVariantGroup section */

/* Begin XCBuildConfiguration section */
		48A0F6FE2174754D00C52598 /* Debug */ = {
			isa = XCBuildConfiguration;
			buildSettings = {
				ALWAYS_SEARCH_USER_PATHS = NO;
				CLANG_ANALYZER_NONNULL = YES;
				CLANG_ANALYZER_NUMBER_OBJECT_CONVERSION = YES_AGGRESSIVE;
				CLANG_CXX_LANGUAGE_STANDARD = "gnu++14";
				CLANG_CXX_LIBRARY = "libc++";
				CLANG_ENABLE_MODULES = YES;
				CLANG_ENABLE_OBJC_ARC = YES;
				CLANG_ENABLE_OBJC_WEAK = YES;
				CLANG_WARN_BLOCK_CAPTURE_AUTORELEASING = YES;
				CLANG_WARN_BOOL_CONVERSION = YES;
				CLANG_WARN_COMMA = YES;
				CLANG_WARN_CONSTANT_CONVERSION = YES;
				CLANG_WARN_DEPRECATED_OBJC_IMPLEMENTATIONS = YES;
				CLANG_WARN_DIRECT_OBJC_ISA_USAGE = YES_ERROR;
				CLANG_WARN_DOCUMENTATION_COMMENTS = YES;
				CLANG_WARN_EMPTY_BODY = YES;
				CLANG_WARN_ENUM_CONVERSION = YES;
				CLANG_WARN_INFINITE_RECURSION = YES;
				CLANG_WARN_INT_CONVERSION = YES;
				CLANG_WARN_NON_LITERAL_NULL_CONVERSION = YES;
				CLANG_WARN_OBJC_IMPLICIT_RETAIN_SELF = YES;
				CLANG_WARN_OBJC_LITERAL_CONVERSION = YES;
				CLANG_WARN_OBJC_ROOT_CLASS = YES_ERROR;
				CLANG_WARN_RANGE_LOOP_ANALYSIS = YES;
				CLANG_WARN_STRICT_PROTOTYPES = YES;
				CLANG_WARN_SUSPICIOUS_MOVE = YES;
				CLANG_WARN_UNGUARDED_AVAILABILITY = YES_AGGRESSIVE;
				CLANG_WARN_UNREACHABLE_CODE = YES;
				CLANG_WARN__DUPLICATE_METHOD_MATCH = YES;
				CODE_SIGN_IDENTITY = "iPhone Developer";
				COPY_PHASE_STRIP = NO;
				DEBUG_INFORMATION_FORMAT = dwarf;
				ENABLE_STRICT_OBJC_MSGSEND = YES;
				ENABLE_TESTABILITY = YES;
				GCC_C_LANGUAGE_STANDARD = gnu11;
				GCC_DYNAMIC_NO_PIC = NO;
				GCC_NO_COMMON_BLOCKS = YES;
				GCC_OPTIMIZATION_LEVEL = 0;
				GCC_PREPROCESSOR_DEFINITIONS = (
					"DEBUG=1",
					"$(inherited)",
				);
				GCC_WARN_64_TO_32_BIT_CONVERSION = YES;
				GCC_WARN_ABOUT_RETURN_TYPE = YES_ERROR;
				GCC_WARN_UNDECLARED_SELECTOR = YES;
				GCC_WARN_UNINITIALIZED_AUTOS = YES_AGGRESSIVE;
				GCC_WARN_UNUSED_FUNCTION = YES;
				GCC_WARN_UNUSED_VARIABLE = YES;
				IPHONEOS_DEPLOYMENT_TARGET = 12.0;
				MTL_ENABLE_DEBUG_INFO = INCLUDE_SOURCE;
				MTL_FAST_MATH = YES;
				ONLY_ACTIVE_ARCH = YES;
				SDKROOT = iphoneos;
				SWIFT_ACTIVE_COMPILATION_CONDITIONS = DEBUG;
				SWIFT_OPTIMIZATION_LEVEL = "-Onone";
			};
			name = Debug;
		};
		48A0F6FF2174754D00C52598 /* Release */ = {
			isa = XCBuildConfiguration;
			buildSettings = {
				ALWAYS_SEARCH_USER_PATHS = NO;
				CLANG_ANALYZER_NONNULL = YES;
				CLANG_ANALYZER_NUMBER_OBJECT_CONVERSION = YES_AGGRESSIVE;
				CLANG_CXX_LANGUAGE_STANDARD = "gnu++14";
				CLANG_CXX_LIBRARY = "libc++";
				CLANG_ENABLE_MODULES = YES;
				CLANG_ENABLE_OBJC_ARC = YES;
				CLANG_ENABLE_OBJC_WEAK = YES;
				CLANG_WARN_BLOCK_CAPTURE_AUTORELEASING = YES;
				CLANG_WARN_BOOL_CONVERSION = YES;
				CLANG_WARN_COMMA = YES;
				CLANG_WARN_CONSTANT_CONVERSION = YES;
				CLANG_WARN_DEPRECATED_OBJC_IMPLEMENTATIONS = YES;
				CLANG_WARN_DIRECT_OBJC_ISA_USAGE = YES_ERROR;
				CLANG_WARN_DOCUMENTATION_COMMENTS = YES;
				CLANG_WARN_EMPTY_BODY = YES;
				CLANG_WARN_ENUM_CONVERSION = YES;
				CLANG_WARN_INFINITE_RECURSION = YES;
				CLANG_WARN_INT_CONVERSION = YES;
				CLANG_WARN_NON_LITERAL_NULL_CONVERSION = YES;
				CLANG_WARN_OBJC_IMPLICIT_RETAIN_SELF = YES;
				CLANG_WARN_OBJC_LITERAL_CONVERSION = YES;
				CLANG_WARN_OBJC_ROOT_CLASS = YES_ERROR;
				CLANG_WARN_RANGE_LOOP_ANALYSIS = YES;
				CLANG_WARN_STRICT_PROTOTYPES = YES;
				CLANG_WARN_SUSPICIOUS_MOVE = YES;
				CLANG_WARN_UNGUARDED_AVAILABILITY = YES_AGGRESSIVE;
				CLANG_WARN_UNREACHABLE_CODE = YES;
				CLANG_WARN__DUPLICATE_METHOD_MATCH = YES;
				CODE_SIGN_IDENTITY = "iPhone Developer";
				COPY_PHASE_STRIP = NO;
				DEBUG_INFORMATION_FORMAT = "dwarf-with-dsym";
				ENABLE_NS_ASSERTIONS = NO;
				ENABLE_STRICT_OBJC_MSGSEND = YES;
				GCC_C_LANGUAGE_STANDARD = gnu11;
				GCC_NO_COMMON_BLOCKS = YES;
				GCC_WARN_64_TO_32_BIT_CONVERSION = YES;
				GCC_WARN_ABOUT_RETURN_TYPE = YES_ERROR;
				GCC_WARN_UNDECLARED_SELECTOR = YES;
				GCC_WARN_UNINITIALIZED_AUTOS = YES_AGGRESSIVE;
				GCC_WARN_UNUSED_FUNCTION = YES;
				GCC_WARN_UNUSED_VARIABLE = YES;
				IPHONEOS_DEPLOYMENT_TARGET = 12.0;
				MTL_ENABLE_DEBUG_INFO = NO;
				MTL_FAST_MATH = YES;
				SDKROOT = iphoneos;
				SWIFT_COMPILATION_MODE = wholemodule;
				SWIFT_OPTIMIZATION_LEVEL = "-O";
				VALIDATE_PRODUCT = YES;
			};
			name = Release;
		};
		48A0F7012174754D00C52598 /* Debug */ = {
			isa = XCBuildConfiguration;
			baseConfigurationReference = 56B1464D1DE61805EC0B9C08 /* Pods-Demo.debug.xcconfig */;
			buildSettings = {
				ASSETCATALOG_COMPILER_APPICON_NAME = AppIcon;
				CODE_SIGN_STYLE = Automatic;
				DEVELOPMENT_TEAM = E9P8R55ACV;
				INFOPLIST_FILE = Demo/Info.plist;
				LD_RUNPATH_SEARCH_PATHS = (
					"$(inherited)",
					"@executable_path/Frameworks",
				);
				PRODUCT_BUNDLE_IDENTIFIER = com.dopaminetech.sbagallery;
				PRODUCT_NAME = "$(TARGET_NAME)";
				SWIFT_VERSION = 4.2;
				TARGETED_DEVICE_FAMILY = "1,2";
			};
			name = Debug;
		};
		48A0F7022174754D00C52598 /* Release */ = {
			isa = XCBuildConfiguration;
			baseConfigurationReference = 7D8FEEA28E7D719FD400F9FC /* Pods-Demo.release.xcconfig */;
			buildSettings = {
				ASSETCATALOG_COMPILER_APPICON_NAME = AppIcon;
				CODE_SIGN_STYLE = Automatic;
				DEVELOPMENT_TEAM = E9P8R55ACV;
				INFOPLIST_FILE = Demo/Info.plist;
				LD_RUNPATH_SEARCH_PATHS = (
					"$(inherited)",
					"@executable_path/Frameworks",
				);
				PRODUCT_BUNDLE_IDENTIFIER = com.dopaminetech.sbagallery;
				PRODUCT_NAME = "$(TARGET_NAME)";
				SWIFT_VERSION = 4.2;
				TARGETED_DEVICE_FAMILY = "1,2";
			};
			name = Release;
		};
		48A0F7042174754D00C52598 /* Debug */ = {
			isa = XCBuildConfiguration;
			baseConfigurationReference = FD4F891C76F8126481CA9526 /* Pods-DemoTests.debug.xcconfig */;
			buildSettings = {
				ALWAYS_EMBED_SWIFT_STANDARD_LIBRARIES = YES;
				BUNDLE_LOADER = "$(TEST_HOST)";
				CODE_SIGN_STYLE = Automatic;
				INFOPLIST_FILE = DemoTests/Info.plist;
				LD_RUNPATH_SEARCH_PATHS = (
					"$(inherited)",
					"@executable_path/Frameworks",
					"@loader_path/Frameworks",
				);
				PRODUCT_BUNDLE_IDENTIFIER = dopamineTech.DemoTests;
				PRODUCT_NAME = "$(TARGET_NAME)";
				SWIFT_VERSION = 4.2;
				TARGETED_DEVICE_FAMILY = "1,2";
				TEST_HOST = "$(BUILT_PRODUCTS_DIR)/Demo.app/Demo";
			};
			name = Debug;
		};
		48A0F7052174754D00C52598 /* Release */ = {
			isa = XCBuildConfiguration;
			baseConfigurationReference = 34834853313B29739213B739 /* Pods-DemoTests.release.xcconfig */;
			buildSettings = {
				ALWAYS_EMBED_SWIFT_STANDARD_LIBRARIES = YES;
				BUNDLE_LOADER = "$(TEST_HOST)";
				CODE_SIGN_STYLE = Automatic;
				INFOPLIST_FILE = DemoTests/Info.plist;
				LD_RUNPATH_SEARCH_PATHS = (
					"$(inherited)",
					"@executable_path/Frameworks",
					"@loader_path/Frameworks",
				);
				PRODUCT_BUNDLE_IDENTIFIER = dopamineTech.DemoTests;
				PRODUCT_NAME = "$(TARGET_NAME)";
				SWIFT_VERSION = 4.2;
				TARGETED_DEVICE_FAMILY = "1,2";
				TEST_HOST = "$(BUILT_PRODUCTS_DIR)/Demo.app/Demo";
			};
			name = Release;
		};
		48A0F7072174754D00C52598 /* Debug */ = {
			isa = XCBuildConfiguration;
			baseConfigurationReference = 3E1CB4A7D24F1FD2631837AB /* Pods-DemoUITests.debug.xcconfig */;
			buildSettings = {
				ALWAYS_EMBED_SWIFT_STANDARD_LIBRARIES = YES;
				CODE_SIGN_STYLE = Automatic;
				INFOPLIST_FILE = DemoUITests/Info.plist;
				LD_RUNPATH_SEARCH_PATHS = (
					"$(inherited)",
					"@executable_path/Frameworks",
					"@loader_path/Frameworks",
				);
				PRODUCT_BUNDLE_IDENTIFIER = dopamineTech.DemoUITests;
				PRODUCT_NAME = "$(TARGET_NAME)";
				SWIFT_VERSION = 4.2;
				TARGETED_DEVICE_FAMILY = "1,2";
				TEST_TARGET_NAME = Demo;
			};
			name = Debug;
		};
		48A0F7082174754D00C52598 /* Release */ = {
			isa = XCBuildConfiguration;
			baseConfigurationReference = B2E548517D4B3C7B3A39A3DA /* Pods-DemoUITests.release.xcconfig */;
			buildSettings = {
				ALWAYS_EMBED_SWIFT_STANDARD_LIBRARIES = YES;
				CODE_SIGN_STYLE = Automatic;
				INFOPLIST_FILE = DemoUITests/Info.plist;
				LD_RUNPATH_SEARCH_PATHS = (
					"$(inherited)",
					"@executable_path/Frameworks",
					"@loader_path/Frameworks",
				);
				PRODUCT_BUNDLE_IDENTIFIER = dopamineTech.DemoUITests;
				PRODUCT_NAME = "$(TARGET_NAME)";
				SWIFT_VERSION = 4.2;
				TARGETED_DEVICE_FAMILY = "1,2";
				TEST_TARGET_NAME = Demo;
			};
			name = Release;
		};
/* End XCBuildConfiguration section */

/* Begin XCConfigurationList section */
		48A0F6D32174754C00C52598 /* Build configuration list for PBXProject "Demo" */ = {
			isa = XCConfigurationList;
			buildConfigurations = (
				48A0F6FE2174754D00C52598 /* Debug */,
				48A0F6FF2174754D00C52598 /* Release */,
			);
			defaultConfigurationIsVisible = 0;
			defaultConfigurationName = Release;
		};
		48A0F7002174754D00C52598 /* Build configuration list for PBXNativeTarget "Demo" */ = {
			isa = XCConfigurationList;
			buildConfigurations = (
				48A0F7012174754D00C52598 /* Debug */,
				48A0F7022174754D00C52598 /* Release */,
			);
			defaultConfigurationIsVisible = 0;
			defaultConfigurationName = Release;
		};
		48A0F7032174754D00C52598 /* Build configuration list for PBXNativeTarget "DemoTests" */ = {
			isa = XCConfigurationList;
			buildConfigurations = (
				48A0F7042174754D00C52598 /* Debug */,
				48A0F7052174754D00C52598 /* Release */,
			);
			defaultConfigurationIsVisible = 0;
			defaultConfigurationName = Release;
		};
		48A0F7062174754D00C52598 /* Build configuration list for PBXNativeTarget "DemoUITests" */ = {
			isa = XCConfigurationList;
			buildConfigurations = (
				48A0F7072174754D00C52598 /* Debug */,
				48A0F7082174754D00C52598 /* Release */,
			);
			defaultConfigurationIsVisible = 0;
			defaultConfigurationName = Release;
		};
/* End XCConfigurationList section */
	};
	rootObject = 48A0F6D02174754C00C52598 /* Project object */;
}
